// !$*UTF8*$!
{
	archiveVersion = 1;
	classes = {
	};
	objectVersion = 50;
	objects = {

/* Begin PBXBuildFile section */
		52D5FD6A221F63C1007F477D /* AppDelegate.swift in Sources */ = {isa = PBXBuildFile; fileRef = 52D5FD69221F63C1007F477D /* AppDelegate.swift */; };
		52D5FD6C221F63C1007F477D /* ViewController.swift in Sources */ = {isa = PBXBuildFile; fileRef = 52D5FD6B221F63C1007F477D /* ViewController.swift */; };
		52D5FD6F221F63C1007F477D /* Main.storyboard in Resources */ = {isa = PBXBuildFile; fileRef = 52D5FD6D221F63C1007F477D /* Main.storyboard */; };
		52D5FD71221F63C3007F477D /* Assets.xcassets in Resources */ = {isa = PBXBuildFile; fileRef = 52D5FD70221F63C3007F477D /* Assets.xcassets */; };
		52D5FD74221F63C3007F477D /* LaunchScreen.storyboard in Resources */ = {isa = PBXBuildFile; fileRef = 52D5FD72221F63C3007F477D /* LaunchScreen.storyboard */; };
		52D5FD7C221F65A5007F477D /* ProductCommunicationManager.swift in Sources */ = {isa = PBXBuildFile; fileRef = 52D5FD7B221F65A5007F477D /* ProductCommunicationManager.swift */; };
		F4E14EAF30603451FA039223 /* Pods_UXSDKSwift.framework in Frameworks */ = {isa = PBXBuildFile; fileRef = 563BFFAB1C216BE301A61E0B /* Pods_UXSDKSwift.framework */; };
/* End PBXBuildFile section */

/* Begin PBXFileReference section */
		3A8698E42927D30DD37EC80D /* Pods-UXSDKSwift.debug.xcconfig */ = {isa = PBXFileReference; includeInIndex = 1; lastKnownFileType = text.xcconfig; name = "Pods-UXSDKSwift.debug.xcconfig"; path = "Pods/Target Support Files/Pods-UXSDKSwift/Pods-UXSDKSwift.debug.xcconfig"; sourceTree = "<group>"; };
		52D5FD66221F63C1007F477D /* UXSDKSwift.app */ = {isa = PBXFileReference; explicitFileType = wrapper.application; includeInIndex = 0; path = UXSDKSwift.app; sourceTree = BUILT_PRODUCTS_DIR; };
		52D5FD69221F63C1007F477D /* AppDelegate.swift */ = {isa = PBXFileReference; lastKnownFileType = sourcecode.swift; path = AppDelegate.swift; sourceTree = "<group>"; };
		52D5FD6B221F63C1007F477D /* ViewController.swift */ = {isa = PBXFileReference; lastKnownFileType = sourcecode.swift; path = ViewController.swift; sourceTree = "<group>"; };
		52D5FD6E221F63C1007F477D /* Base */ = {isa = PBXFileReference; lastKnownFileType = file.storyboard; name = Base; path = Base.lproj/Main.storyboard; sourceTree = "<group>"; };
		52D5FD70221F63C3007F477D /* Assets.xcassets */ = {isa = PBXFileReference; lastKnownFileType = folder.assetcatalog; path = Assets.xcassets; sourceTree = "<group>"; };
		52D5FD73221F63C3007F477D /* Base */ = {isa = PBXFileReference; lastKnownFileType = file.storyboard; name = Base; path = Base.lproj/LaunchScreen.storyboard; sourceTree = "<group>"; };
		52D5FD75221F63C3007F477D /* Info.plist */ = {isa = PBXFileReference; lastKnownFileType = text.plist.xml; path = Info.plist; sourceTree = "<group>"; };
		52D5FD7B221F65A5007F477D /* ProductCommunicationManager.swift */ = {isa = PBXFileReference; lastKnownFileType = sourcecode.swift; path = ProductCommunicationManager.swift; sourceTree = "<group>"; };
		563BFFAB1C216BE301A61E0B /* Pods_UXSDKSwift.framework */ = {isa = PBXFileReference; explicitFileType = wrapper.framework; includeInIndex = 0; path = Pods_UXSDKSwift.framework; sourceTree = BUILT_PRODUCTS_DIR; };
		6C16C7547186C6A48B228F85 /* Pods-UXSDKSwift.release.xcconfig */ = {isa = PBXFileReference; includeInIndex = 1; lastKnownFileType = text.xcconfig; name = "Pods-UXSDKSwift.release.xcconfig"; path = "Pods/Target Support Files/Pods-UXSDKSwift/Pods-UXSDKSwift.release.xcconfig"; sourceTree = "<group>"; };
/* End PBXFileReference section */

/* Begin PBXFrameworksBuildPhase section */
		52D5FD63221F63C1007F477D /* Frameworks */ = {
			isa = PBXFrameworksBuildPhase;
			buildActionMask = 2147483647;
			files = (
				F4E14EAF30603451FA039223 /* Pods_UXSDKSwift.framework in Frameworks */,
			);
			runOnlyForDeploymentPostprocessing = 0;
		};
/* End PBXFrameworksBuildPhase section */

/* Begin PBXGroup section */
		52D5FD5D221F63C1007F477D = {
			isa = PBXGroup;
			children = (
				52D5FD68221F63C1007F477D /* UXSDKSwift */,
				52D5FD67221F63C1007F477D /* Products */,
				C3DE2DE6DBC267203A5243EA /* Pods */,
				C4A94402EA86C2861A539D17 /* Frameworks */,
			);
			sourceTree = "<group>";
		};
		52D5FD67221F63C1007F477D /* Products */ = {
			isa = PBXGroup;
			children = (
				52D5FD66221F63C1007F477D /* UXSDKSwift.app */,
			);
			name = Products;
			sourceTree = "<group>";
		};
		52D5FD68221F63C1007F477D /* UXSDKSwift */ = {
			isa = PBXGroup;
			children = (
				52D5FD69221F63C1007F477D /* AppDelegate.swift */,
				52D5FD6B221F63C1007F477D /* ViewController.swift */,
				52D5FD7B221F65A5007F477D /* ProductCommunicationManager.swift */,
				52D5FD70221F63C3007F477D /* Assets.xcassets */,
				52D5FD75221F63C3007F477D /* Info.plist */,
				52D5FD6D221F63C1007F477D /* Main.storyboard */,
				52D5FD72221F63C3007F477D /* LaunchScreen.storyboard */,
			);
			path = UXSDKSwift;
			sourceTree = "<group>";
		};
		C3DE2DE6DBC267203A5243EA /* Pods */ = {
			isa = PBXGroup;
			children = (
				3A8698E42927D30DD37EC80D /* Pods-UXSDKSwift.debug.xcconfig */,
				6C16C7547186C6A48B228F85 /* Pods-UXSDKSwift.release.xcconfig */,
			);
			name = Pods;
			sourceTree = "<group>";
		};
		C4A94402EA86C2861A539D17 /* Frameworks */ = {
			isa = PBXGroup;
			children = (
				563BFFAB1C216BE301A61E0B /* Pods_UXSDKSwift.framework */,
			);
			name = Frameworks;
			sourceTree = "<group>";
		};
/* End PBXGroup section */

/* Begin PBXNativeTarget section */
		52D5FD65221F63C1007F477D /* UXSDKSwift */ = {
			isa = PBXNativeTarget;
			buildConfigurationList = 52D5FD78221F63C3007F477D /* Build configuration list for PBXNativeTarget "UXSDKSwift" */;
			buildPhases = (
				4B63D056F3B81922335677BE /* [CP] Check Pods Manifest.lock */,
				52D5FD62221F63C1007F477D /* Sources */,
				52D5FD63221F63C1007F477D /* Frameworks */,
				52D5FD64221F63C1007F477D /* Resources */,
				444CDAE3987B594D38CD3B3D /* [CP] Embed Pods Frameworks */,
			);
			buildRules = (
			);
			dependencies = (
			);
			name = UXSDKSwift;
			productName = UXSDKSwift;
			productReference = 52D5FD66221F63C1007F477D /* UXSDKSwift.app */;
			productType = "com.apple.product-type.application";
		};
/* End PBXNativeTarget section */

/* Begin PBXProject section */
		52D5FD5E221F63C1007F477D /* Project object */ = {
			isa = PBXProject;
			attributes = {
				LastSwiftUpdateCheck = 1010;
				LastUpgradeCheck = 1010;
				ORGANIZATIONNAME = "Bill Malkin";
				TargetAttributes = {
					52D5FD65221F63C1007F477D = {
						CreatedOnToolsVersion = 10.1;
					};
				};
			};
			buildConfigurationList = 52D5FD61221F63C1007F477D /* Build configuration list for PBXProject "UXSDKSwift" */;
			compatibilityVersion = "Xcode 9.3";
			developmentRegion = en;
			hasScannedForEncodings = 0;
			knownRegions = (
				en,
				Base,
			);
			mainGroup = 52D5FD5D221F63C1007F477D;
			productRefGroup = 52D5FD67221F63C1007F477D /* Products */;
			projectDirPath = "";
			projectRoot = "";
			targets = (
				52D5FD65221F63C1007F477D /* UXSDKSwift */,
			);
		};
/* End PBXProject section */

/* Begin PBXResourcesBuildPhase section */
		52D5FD64221F63C1007F477D /* Resources */ = {
			isa = PBXResourcesBuildPhase;
			buildActionMask = 2147483647;
			files = (
				52D5FD74221F63C3007F477D /* LaunchScreen.storyboard in Resources */,
				52D5FD71221F63C3007F477D /* Assets.xcassets in Resources */,
				52D5FD6F221F63C1007F477D /* Main.storyboard in Resources */,
			);
			runOnlyForDeploymentPostprocessing = 0;
		};
/* End PBXResourcesBuildPhase section */

/* Begin PBXShellScriptBuildPhase section */
		444CDAE3987B594D38CD3B3D /* [CP] Embed Pods Frameworks */ = {
			isa = PBXShellScriptBuildPhase;
			buildActionMask = 2147483647;
			files = (
			);
			inputPaths = (
				"${SRCROOT}/Pods/Target Support Files/Pods-UXSDKSwift/Pods-UXSDKSwift-frameworks.sh",
				"${PODS_ROOT}/DJI-SDK-iOS/iOS_Mobile_SDK/DJISDK.framework",
				"${PODS_ROOT}/DJI-UXSDK-iOS/iOS_UXSDK/DJIUXSDK.framework",
				"${PODS_ROOT}/DJIWidget/FFmpeg/FFmpeg.framework",
				"${BUILT_PRODUCTS_DIR}/DJIWidget/DJIWidget.framework",
			);
			name = "[CP] Embed Pods Frameworks";
			outputPaths = (
				"${TARGET_BUILD_DIR}/${FRAMEWORKS_FOLDER_PATH}/DJISDK.framework",
				"${TARGET_BUILD_DIR}/${FRAMEWORKS_FOLDER_PATH}/DJIUXSDK.framework",
				"${TARGET_BUILD_DIR}/${FRAMEWORKS_FOLDER_PATH}/FFmpeg.framework",
				"${TARGET_BUILD_DIR}/${FRAMEWORKS_FOLDER_PATH}/DJIWidget.framework",
			);
			runOnlyForDeploymentPostprocessing = 0;
			shellPath = /bin/sh;
			shellScript = "\"${SRCROOT}/Pods/Target Support Files/Pods-UXSDKSwift/Pods-UXSDKSwift-frameworks.sh\"\n";
			showEnvVarsInLog = 0;
		};
		4B63D056F3B81922335677BE /* [CP] Check Pods Manifest.lock */ = {
			isa = PBXShellScriptBuildPhase;
			buildActionMask = 2147483647;
			files = (
			);
			inputPaths = (
				"${PODS_PODFILE_DIR_PATH}/Podfile.lock",
				"${PODS_ROOT}/Manifest.lock",
			);
			name = "[CP] Check Pods Manifest.lock";
			outputPaths = (
				"$(DERIVED_FILE_DIR)/Pods-UXSDKSwift-checkManifestLockResult.txt",
			);
			runOnlyForDeploymentPostprocessing = 0;
			shellPath = /bin/sh;
			shellScript = "diff \"${PODS_PODFILE_DIR_PATH}/Podfile.lock\" \"${PODS_ROOT}/Manifest.lock\" > /dev/null\nif [ $? != 0 ] ; then\n    # print error to STDERR\n    echo \"error: The sandbox is not in sync with the Podfile.lock. Run 'pod install' or update your CocoaPods installation.\" >&2\n    exit 1\nfi\n# This output is used by Xcode 'outputs' to avoid re-running this script phase.\necho \"SUCCESS\" > \"${SCRIPT_OUTPUT_FILE_0}\"\n";
			showEnvVarsInLog = 0;
		};
/* End PBXShellScriptBuildPhase section */

/* Begin PBXSourcesBuildPhase section */
		52D5FD62221F63C1007F477D /* Sources */ = {
			isa = PBXSourcesBuildPhase;
			buildActionMask = 2147483647;
			files = (
				52D5FD7C221F65A5007F477D /* ProductCommunicationManager.swift in Sources */,
				52D5FD6C221F63C1007F477D /* ViewController.swift in Sources */,
				52D5FD6A221F63C1007F477D /* AppDelegate.swift in Sources */,
			);
			runOnlyForDeploymentPostprocessing = 0;
		};
/* End PBXSourcesBuildPhase section */

/* Begin PBXVariantGroup section */
		52D5FD6D221F63C1007F477D /* Main.storyboard */ = {
			isa = PBXVariantGroup;
			children = (
				52D5FD6E221F63C1007F477D /* Base */,
			);
			name = Main.storyboard;
			sourceTree = "<group>";
		};
		52D5FD72221F63C3007F477D /* LaunchScreen.storyboard */ = {
			isa = PBXVariantGroup;
			children = (
				52D5FD73221F63C3007F477D /* Base */,
			);
			name = LaunchScreen.storyboard;
			sourceTree = "<group>";
		};
/* End PBXVariantGroup section */

/* Begin XCBuildConfiguration section */
		52D5FD76221F63C3007F477D /* Debug */ = {
			isa = XCBuildConfiguration;
			buildSettings = {
				ALWAYS_SEARCH_USER_PATHS = NO;
				CLANG_ANALYZER_NONNULL = YES;
				CLANG_ANALYZER_NUMBER_OBJECT_CONVERSION = YES_AGGRESSIVE;
				CLANG_CXX_LANGUAGE_STANDARD = "gnu++14";
				CLANG_CXX_LIBRARY = "libc++";
				CLANG_ENABLE_MODULES = YES;
				CLANG_ENABLE_OBJC_ARC = YES;
				CLANG_ENABLE_OBJC_WEAK = YES;
				CLANG_WARN_BLOCK_CAPTURE_AUTORELEASING = YES;
				CLANG_WARN_BOOL_CONVERSION = YES;
				CLANG_WARN_COMMA = YES;
				CLANG_WARN_CONSTANT_CONVERSION = YES;
				CLANG_WARN_DEPRECATED_OBJC_IMPLEMENTATIONS = YES;
				CLANG_WARN_DIRECT_OBJC_ISA_USAGE = YES_ERROR;
				CLANG_WARN_DOCUMENTATION_COMMENTS = YES;
				CLANG_WARN_EMPTY_BODY = YES;
				CLANG_WARN_ENUM_CONVERSION = YES;
				CLANG_WARN_INFINITE_RECURSION = YES;
				CLANG_WARN_INT_CONVERSION = YES;
				CLANG_WARN_NON_LITERAL_NULL_CONVERSION = YES;
				CLANG_WARN_OBJC_IMPLICIT_RETAIN_SELF = YES;
				CLANG_WARN_OBJC_LITERAL_CONVERSION = YES;
				CLANG_WARN_OBJC_ROOT_CLASS = YES_ERROR;
				CLANG_WARN_RANGE_LOOP_ANALYSIS = YES;
				CLANG_WARN_STRICT_PROTOTYPES = YES;
				CLANG_WARN_SUSPICIOUS_MOVE = YES;
				CLANG_WARN_UNGUARDED_AVAILABILITY = YES_AGGRESSIVE;
				CLANG_WARN_UNREACHABLE_CODE = YES;
				CLANG_WARN__DUPLICATE_METHOD_MATCH = YES;
				CODE_SIGN_IDENTITY = "iPhone Developer";
				COPY_PHASE_STRIP = NO;
				DEBUG_INFORMATION_FORMAT = dwarf;
				ENABLE_STRICT_OBJC_MSGSEND = YES;
				ENABLE_TESTABILITY = YES;
				GCC_C_LANGUAGE_STANDARD = gnu11;
				GCC_DYNAMIC_NO_PIC = NO;
				GCC_NO_COMMON_BLOCKS = YES;
				GCC_OPTIMIZATION_LEVEL = 0;
				GCC_PREPROCESSOR_DEFINITIONS = (
					"DEBUG=1",
					"$(inherited)",
				);
				GCC_WARN_64_TO_32_BIT_CONVERSION = YES;
				GCC_WARN_ABOUT_RETURN_TYPE = YES_ERROR;
				GCC_WARN_UNDECLARED_SELECTOR = YES;
				GCC_WARN_UNINITIALIZED_AUTOS = YES_AGGRESSIVE;
				GCC_WARN_UNUSED_FUNCTION = YES;
				GCC_WARN_UNUSED_VARIABLE = YES;
				IPHONEOS_DEPLOYMENT_TARGET = 12.1;
				MTL_ENABLE_DEBUG_INFO = INCLUDE_SOURCE;
				MTL_FAST_MATH = YES;
				ONLY_ACTIVE_ARCH = YES;
				SDKROOT = iphoneos;
				SWIFT_ACTIVE_COMPILATION_CONDITIONS = DEBUG;
				SWIFT_OPTIMIZATION_LEVEL = "-Onone";
			};
			name = Debug;
		};
		52D5FD77221F63C3007F477D /* Release */ = {
			isa = XCBuildConfiguration;
			buildSettings = {
				ALWAYS_SEARCH_USER_PATHS = NO;
				CLANG_ANALYZER_NONNULL = YES;
				CLANG_ANALYZER_NUMBER_OBJECT_CONVERSION = YES_AGGRESSIVE;
				CLANG_CXX_LANGUAGE_STANDARD = "gnu++14";
				CLANG_CXX_LIBRARY = "libc++";
				CLANG_ENABLE_MODULES = YES;
				CLANG_ENABLE_OBJC_ARC = YES;
				CLANG_ENABLE_OBJC_WEAK = YES;
				CLANG_WARN_BLOCK_CAPTURE_AUTORELEASING = YES;
				CLANG_WARN_BOOL_CONVERSION = YES;
				CLANG_WARN_COMMA = YES;
				CLANG_WARN_CONSTANT_CONVERSION = YES;
				CLANG_WARN_DEPRECATED_OBJC_IMPLEMENTATIONS = YES;
				CLANG_WARN_DIRECT_OBJC_ISA_USAGE = YES_ERROR;
				CLANG_WARN_DOCUMENTATION_COMMENTS = YES;
				CLANG_WARN_EMPTY_BODY = YES;
				CLANG_WARN_ENUM_CONVERSION = YES;
				CLANG_WARN_INFINITE_RECURSION = YES;
				CLANG_WARN_INT_CONVERSION = YES;
				CLANG_WARN_NON_LITERAL_NULL_CONVERSION = YES;
				CLANG_WARN_OBJC_IMPLICIT_RETAIN_SELF = YES;
				CLANG_WARN_OBJC_LITERAL_CONVERSION = YES;
				CLANG_WARN_OBJC_ROOT_CLASS = YES_ERROR;
				CLANG_WARN_RANGE_LOOP_ANALYSIS = YES;
				CLANG_WARN_STRICT_PROTOTYPES = YES;
				CLANG_WARN_SUSPICIOUS_MOVE = YES;
				CLANG_WARN_UNGUARDED_AVAILABILITY = YES_AGGRESSIVE;
				CLANG_WARN_UNREACHABLE_CODE = YES;
				CLANG_WARN__DUPLICATE_METHOD_MATCH = YES;
				CODE_SIGN_IDENTITY = "iPhone Developer";
				COPY_PHASE_STRIP = NO;
				DEBUG_INFORMATION_FORMAT = "dwarf-with-dsym";
				ENABLE_NS_ASSERTIONS = NO;
				ENABLE_STRICT_OBJC_MSGSEND = YES;
				GCC_C_LANGUAGE_STANDARD = gnu11;
				GCC_NO_COMMON_BLOCKS = YES;
				GCC_WARN_64_TO_32_BIT_CONVERSION = YES;
				GCC_WARN_ABOUT_RETURN_TYPE = YES_ERROR;
				GCC_WARN_UNDECLARED_SELECTOR = YES;
				GCC_WARN_UNINITIALIZED_AUTOS = YES_AGGRESSIVE;
				GCC_WARN_UNUSED_FUNCTION = YES;
				GCC_WARN_UNUSED_VARIABLE = YES;
				IPHONEOS_DEPLOYMENT_TARGET = 12.1;
				MTL_ENABLE_DEBUG_INFO = NO;
				MTL_FAST_MATH = YES;
				SDKROOT = iphoneos;
				SWIFT_COMPILATION_MODE = wholemodule;
				SWIFT_OPTIMIZATION_LEVEL = "-O";
				VALIDATE_PRODUCT = YES;
			};
			name = Release;
		};
		52D5FD79221F63C3007F477D /* Debug */ = {
			isa = XCBuildConfiguration;
			baseConfigurationReference = 3A8698E42927D30DD37EC80D /* Pods-UXSDKSwift.debug.xcconfig */;
			buildSettings = {
				ASSETCATALOG_COMPILER_APPICON_NAME = AppIcon;
				CODE_SIGN_STYLE = Automatic;
				DEVELOPMENT_TEAM = Y779G8W83Y;
				ENABLE_BITCODE = NO;
				INFOPLIST_FILE = UXSDKSwift/Info.plist;
				IPHONEOS_DEPLOYMENT_TARGET = 9.0;
				LD_RUNPATH_SEARCH_PATHS = (
					"$(inherited)",
					"@executable_path/Frameworks",
				);
				PRODUCT_BUNDLE_IDENTIFIER = au.com.forestrycorporation.UXSDKSwift;
				PRODUCT_NAME = "$(TARGET_NAME)";
				SWIFT_VERSION = 4.2;
				TARGETED_DEVICE_FAMILY = "1,2";
			};
			name = Debug;
		};
		52D5FD7A221F63C3007F477D /* Release */ = {
			isa = XCBuildConfiguration;
			baseConfigurationReference = 6C16C7547186C6A48B228F85 /* Pods-UXSDKSwift.release.xcconfig */;
			buildSettings = {
				ASSETCATALOG_COMPILER_APPICON_NAME = AppIcon;
				CODE_SIGN_STYLE = Automatic;
				DEVELOPMENT_TEAM = Y779G8W83Y;
				ENABLE_BITCODE = NO;
				INFOPLIST_FILE = UXSDKSwift/Info.plist;
				IPHONEOS_DEPLOYMENT_TARGET = 9.0;
				LD_RUNPATH_SEARCH_PATHS = (
					"$(inherited)",
					"@executable_path/Frameworks",
				);
				PRODUCT_BUNDLE_IDENTIFIER = au.com.forestrycorporation.UXSDKSwift;
				PRODUCT_NAME = "$(TARGET_NAME)";
				SWIFT_VERSION = 4.2;
				TARGETED_DEVICE_FAMILY = "1,2";
			};
			name = Release;
		};
/* End XCBuildConfiguration section */

/* Begin XCConfigurationList section */
		52D5FD61221F63C1007F477D /* Build configuration list for PBXProject "UXSDKSwift" */ = {
			isa = XCConfigurationList;
			buildConfigurations = (
				52D5FD76221F63C3007F477D /* Debug */,
				52D5FD77221F63C3007F477D /* Release */,
			);
			defaultConfigurationIsVisible = 0;
			defaultConfigurationName = Release;
		};
		52D5FD78221F63C3007F477D /* Build configuration list for PBXNativeTarget "UXSDKSwift" */ = {
			isa = XCConfigurationList;
			buildConfigurations = (
				52D5FD79221F63C3007F477D /* Debug */,
				52D5FD7A221F63C3007F477D /* Release */,
			);
			defaultConfigurationIsVisible = 0;
			defaultConfigurationName = Release;
		};
/* End XCConfigurationList section */
	};
	rootObject = 52D5FD5E221F63C1007F477D /* Project object */;
}
